
Microsoft Visual Studio Solution File, Format Version 12.00
# Visual Studio Version 17
VisualStudioVersion = 17.1.32210.238
MinimumVisualStudioVersion = 10.0.40219.1
Project("{FAE04EC0-301F-11D3-BF4B-00C04F79EFBC}") = "DapperWrapper", "DapperWrapper\DapperWrapper.csproj", "{28B6D785-131E-45F4-8FE5-CB66420F2F02}"
EndProject
Global
	GlobalSection(SolutionConfigurationPlatforms) = preSolution
		Debug|Any CPU = Debug|Any CPU
		Release|Any CPU = Release|Any CPU
	EndGlobalSection
	GlobalSection(ProjectConfigurationPlatforms) = postSolution
		{28B6D785-131E-45F4-8FE5-CB66420F2F02}.Debug|Any CPU.ActiveCfg = Debug|Any CPU
		{28B6D785-131E-45F4-8FE5-CB66420F2F02}.Debug|Any CPU.Build.0 = Debug|Any CPU
		{28B6D785-131E-45F4-8FE5-CB66420F2F02}.Release|Any CPU.ActiveCfg = Release|Any CPU
		{28B6D785-131E-45F4-8FE5-CB66420F2F02}.Release|Any CPU.Build.0 = Release|Any CPU
	EndGlobalSection
	GlobalSection(SolutionProperties) = preSolution
		HideSolutionNode = FALSE
	EndGlobalSection
	GlobalSection(ExtensibilityGlobals) = postSolution
		SolutionGuid = {14B87112-21D6-4B5E-AC63-110ADD6382D4}
	EndGlobalSection
EndGlobal
